
Microsoft Visual Studio Solution File, Format Version 12.00
# Visual Studio 2017
Project("{FAE04EC0-301F-11D3-BF4B-00C04F79EFBC}") = "Catan Hex Gen", "Catan Hex Gen.csproj", "{751A0FD4-0541-15AC-3B9D-51FCCA40BD86}"
EndProject
Global
	GlobalSection(SolutionConfigurationPlatforms) = preSolution
		Debug|Any CPU = Debug|Any CPU
		Release|Any CPU = Release|Any CPU
	EndGlobalSection
	GlobalSection(ProjectConfigurationPlatforms) = postSolution
		{751A0FD4-0541-15AC-3B9D-51FCCA40BD86}.Debug|Any CPU.ActiveCfg = Debug|Any CPU
		{751A0FD4-0541-15AC-3B9D-51FCCA40BD86}.Debug|Any CPU.Build.0 = Debug|Any CPU
		{751A0FD4-0541-15AC-3B9D-51FCCA40BD86}.Release|Any CPU.ActiveCfg = Release|Any CPU
		{751A0FD4-0541-15AC-3B9D-51FCCA40BD86}.Release|Any CPU.Build.0 = Release|Any CPU
	EndGlobalSection
	GlobalSection(SolutionProperties) = preSolution
		HideSolutionNode = FALSE
	EndGlobalSection
EndGlobal
